<?xml version="1.0" encoding="utf-8"?>
<Project ToolsVersion="4.0" xmlns="http://schemas.microsoft.com/developer/msbuild/2003">
  <ItemGroup>
    <Filter Include="Source Files">
      <UniqueIdentifier>{4FC737F1-C7A5-4376-A066-2A32D752A2FF}</UniqueIdentifier>
      <Extensions>cpp;c;cc;cxx;def;odl;idl;hpj;bat;asm;asmx</Extensions>
    </Filter>
    <Filter Include="Header Files">
      <UniqueIdentifier>{93995380-89BD-4b04-88EB-625FBE52EBFB}</UniqueIdentifier>
      <Extensions>h;hpp;hxx;hm;inl;inc;xsd</Extensions>
    </Filter>
    <Filter Include="Resource Files">
      <UniqueIdentifier>{67DA6AB6-F800-4c08-8B7A-83BB121AAD01}</UniqueIdentifier>
      <Extensions>rc;ico;cur;bmp;dlg;rc2;rct;bin;rgs;gif;jpg;jpeg;jpe;resx;tiff;tif;png;wav</Extensions>
    </Filter>
  </ItemGroup>
  <ItemGroup>
    <ClCompile Include="GISCADLoader.cpp">
      <Filter>Source Files</Filter>
    </ClCompile>
    <ClCompile Include="GISCADLoaderDlg.cpp">
      <Filter>Source Files</Filter>
    </ClCompile>
    <ClCompile Include="NSHyperEdit.cpp">
      <Filter>Source Files</Filter>
    </ClCompile>
    <ClCompile Include="NSHyperEdit2.cpp">
      <Filter>Source Files</Filter>
    </ClCompile>
    <ClCompile Include="NSHyperEdit3.cpp">
      <Filter>Source Files</Filter>
    </ClCompile>
    <ClCompile Include="NSInputDlg.cpp">
      <Filter>Source Files</Filter>
    </ClCompile>
    <ClCompile Include="NSLoaderDlg.cpp">
      <Filter>Source Files</Filter>
    </ClCompile>
    <ClCompile Include="NSReportDlg.cpp">
      <Filter>Source Files</Filter>
    </ClCompile>
    <ClCompile Include="NSTabCtrlSSL.cpp">
      <Filter>Source Files</Filter>
    </ClCompile>
    <ClCompile Include="NSTabPageSSL.cpp">
      <Filter>Source Files</Filter>
    </ClCompile>
    <ClCompile Include="stdafx.cpp">
      <Filter>Source Files</Filter>
    </ClCompile>
    <ClCompile Include="GISCADConvertorDlg.cpp">
      <Filter>Source Files</Filter>
    </ClCompile>
  </ItemGroup>
  <ItemGroup>
    <ClInclude Include="GISCADLoader.h">
      <Filter>Header Files</Filter>
    </ClInclude>
    <ClInclude Include="GISCADLoaderDlg.h">
      <Filter>Header Files</Filter>
    </ClInclude>
    <ClInclude Include="NSHyperEdit.h">
      <Filter>Header Files</Filter>
    </ClInclude>
    <ClInclude Include="NSInputDlg.h">
      <Filter>Header Files</Filter>
    </ClInclude>
    <ClInclude Include="NSLoaderDlg.h">
      <Filter>Header Files</Filter>
    </ClInclude>
    <ClInclude Include="NSReportDlg.h">
      <Filter>Header Files</Filter>
    </ClInclude>
    <ClInclude Include="NSTabCtrlSSL.h">
      <Filter>Header Files</Filter>
    </ClInclude>
    <ClInclude Include="NSTabPageSSL.h">
      <Filter>Header Files</Filter>
    </ClInclude>
    <ClInclude Include="Resource.h">
      <Filter>Header Files</Filter>
    </ClInclude>
    <ClInclude Include="stdafx.h">
      <Filter>Header Files</Filter>
    </ClInclude>
    <ClInclude Include="GISCADConvertorDlg.h">
      <Filter>Header Files</Filter>
    </ClInclude>
  </ItemGroup>
  <ItemGroup>
    <None Include="res\GISCADLoader.ico">
      <Filter>Resource Files</Filter>
    </None>
    <None Include="..\..\GISCADLOADER.ICO">
      <Filter>Resource Files</Filter>
    </None>
    <None Include="res\GISCADLoader.rc2">
      <Filter>Resource Files</Filter>
    </None>
    <None Include="res\icon1.ico">
      <Filter>Resource Files</Filter>
    </None>
    <None Include="F:\Marine_Development\IE_LOGO.bmp">
      <Filter>Resource Files</Filter>
    </None>
    <None Include="F:\Marine_Development\IE_LOGO.ico">
      <Filter>Resource Files</Filter>
    </None>
    <None Include="res\IE_LOGO.ico">
      <Filter>Resource Files</Filter>
    </None>
    <None Include="IE_LOGO.ico">
      <Filter>Resource Files</Filter>
    </None>
    <None Include="F:\Marine_Development\IE_LOGO.JPG">
      <Filter>Resource Files</Filter>
    </None>
    <None Include="F:\Marine_Development\logo.bmp">
      <Filter>Resource Files</Filter>
    </None>
    <None Include="res\RealDWG.bmp">
      <Filter>Resource Files</Filter>
    </None>
    <None Include="..\RealDWG.bmp">
      <Filter>Resource Files</Filter>
    </None>
    <None Include="RealDWG.bmp">
      <Filter>Resource Files</Filter>
    </None>
    <None Include="ReadMe.txt" />
  </ItemGroup>
  <ItemGroup>
    <ResourceCompile Include="GISCADLoader.rc">
      <Filter>Resource Files</Filter>
    </ResourceCompile>
  </ItemGroup>
</Project>