<?xml version="1.0" encoding="utf-8"?>
<Project ToolsVersion="4.0" xmlns="http://schemas.microsoft.com/developer/msbuild/2003">
  <ItemGroup>
    <Filter Include="Source Files">
      <UniqueIdentifier>{5dfddb81-b118-49d5-82d2-ee39da2bdb65}</UniqueIdentifier>
      <Extensions>cpp;c;cxx;def;odl;idl;hpj;bat;asm</Extensions>
    </Filter>
    <Filter Include="Header Files">
      <UniqueIdentifier>{001d110d-8c12-45d1-8eb2-cf0e79d765f4}</UniqueIdentifier>
      <Extensions>h;hpp;hxx;hm;inl;inc</Extensions>
    </Filter>
    <Filter Include="Resource Files">
      <UniqueIdentifier>{81b965f6-44cd-4bb7-82c8-07962d2b7cf7}</UniqueIdentifier>
      <Extensions>rc;ico;cur;bmp;dlg;rc2;rct;bin;rgs;gif;jpg;jpeg;jpe</Extensions>
    </Filter>
  </ItemGroup>
  <ItemGroup>
    <ClCompile Include="NSAssetValidation.cpp">
      <Filter>Source Files</Filter>
    </ClCompile>
    <ClCompile Include="NSBaseValidator.cpp">
      <Filter>Source Files</Filter>
    </ClCompile>
    <ClCompile Include="NSDimStyleTbl.cpp">
      <Filter>Source Files</Filter>
    </ClCompile>
    <ClCompile Include="NSErrorCircle.cpp">
      <Filter>Source Files</Filter>
    </ClCompile>
    <ClCompile Include="..\..\Include\NSErrorCodes.cpp">
      <Filter>Source Files</Filter>
    </ClCompile>
    <ClCompile Include="NSErrorParser.cpp">
      <Filter>Source Files</Filter>
    </ClCompile>
    <ClCompile Include="NSExtraValidator.cpp">
      <Filter>Source Files</Filter>
    </ClCompile>
    <ClCompile Include="NSLayerBlockValidator.cpp">
      <Filter>Source Files</Filter>
    </ClCompile>
    <ClCompile Include="NSLayerTbl.cpp">
      <Filter>Source Files</Filter>
    </ClCompile>
    <ClCompile Include="NSLineTypeTbl.cpp">
      <Filter>Source Files</Filter>
    </ClCompile>
    <ClCompile Include="NSLocationValidator.cpp">
      <Filter>Source Files</Filter>
    </ClCompile>
    <ClCompile Include="NSRelationLinker.cpp">
      <Filter>Source Files</Filter>
    </ClCompile>
    <ClCompile Include="NSTextHeightTbl.cpp">
      <Filter>Source Files</Filter>
    </ClCompile>
    <ClCompile Include="NSTextStyleTbl.cpp">
      <Filter>Source Files</Filter>
    </ClCompile>
    <ClCompile Include="NSTitleBlockTbl.cpp">
      <Filter>Source Files</Filter>
    </ClCompile>
    <ClCompile Include="NSValidatorImpl.cpp">
      <Filter>Source Files</Filter>
    </ClCompile>
    <ClCompile Include="stdafx.cpp">
      <Filter>Source Files</Filter>
    </ClCompile>
    <ClCompile Include="Validator.cpp">
      <Filter>Source Files</Filter>
    </ClCompile>
  </ItemGroup>
  <ItemGroup>
    <ClInclude Include="NSAssetValidation.h">
      <Filter>Header Files</Filter>
    </ClInclude>
    <ClInclude Include="NSBaseValidator.h">
      <Filter>Header Files</Filter>
    </ClInclude>
    <ClInclude Include="NSDimStyleTbl.h">
      <Filter>Header Files</Filter>
    </ClInclude>
    <ClInclude Include="NSErrorCircle.h">
      <Filter>Header Files</Filter>
    </ClInclude>
    <ClInclude Include="NSErrorParser.h">
      <Filter>Header Files</Filter>
    </ClInclude>
    <ClInclude Include="NSExtraValidator.h">
      <Filter>Header Files</Filter>
    </ClInclude>
    <ClInclude Include="NSLayerBlockValidator.h">
      <Filter>Header Files</Filter>
    </ClInclude>
    <ClInclude Include="NSLayerTbl.h">
      <Filter>Header Files</Filter>
    </ClInclude>
    <ClInclude Include="NSLineTypeTbl.h">
      <Filter>Header Files</Filter>
    </ClInclude>
    <ClInclude Include="NSLocationValidator.h">
      <Filter>Header Files</Filter>
    </ClInclude>
    <ClInclude Include="NSTextHeightTbl.h">
      <Filter>Header Files</Filter>
    </ClInclude>
    <ClInclude Include="NSTextStyleTbl.h">
      <Filter>Header Files</Filter>
    </ClInclude>
    <ClInclude Include="NSTitleBlockTbl.h">
      <Filter>Header Files</Filter>
    </ClInclude>
    <ClInclude Include="stdafx.h">
      <Filter>Header Files</Filter>
    </ClInclude>
    <ClInclude Include="Validator.h">
      <Filter>Header Files</Filter>
    </ClInclude>
  </ItemGroup>
  <ItemGroup>
    <None Include="ReadMe.txt" />
  </ItemGroup>
</Project>