<?xml version="1.0" encoding="utf-8"?>
<Project ToolsVersion="4.0" xmlns="http://schemas.microsoft.com/developer/msbuild/2003">
  <ItemGroup>
    <Filter Include="Source Files">
      <UniqueIdentifier>{7efa74af-a4c2-4a6d-a195-a81de412f961}</UniqueIdentifier>
      <Extensions>cpp;c;cxx;def;odl;idl;hpj;bat;asm</Extensions>
    </Filter>
    <Filter Include="Header Files">
      <UniqueIdentifier>{5c73fc58-ca36-4781-84d3-3aaa5046167b}</UniqueIdentifier>
      <Extensions>h;hpp;hxx;hm;inl;inc</Extensions>
    </Filter>
    <Filter Include="Resource Files">
      <UniqueIdentifier>{34042641-da32-4832-91c2-6fa121f8c742}</UniqueIdentifier>
      <Extensions>rc;ico;cur;bmp;dlg;rc2;rct;bin;rgs;gif;jpg;jpeg;jpe</Extensions>
    </Filter>
  </ItemGroup>
  <ItemGroup>
    <ClCompile Include="NSConfigFileMgr.cpp">
      <Filter>Source Files</Filter>
    </ClCompile>
    <ClCompile Include="NSDatabaseMgr.cpp">
      <Filter>Source Files</Filter>
    </ClCompile>
    <ClCompile Include="NSHTMLLogger.cpp">
      <Filter>Source Files</Filter>
    </ClCompile>
    <ClCompile Include="NSLogCollection.cpp">
      <Filter>Source Files</Filter>
    </ClCompile>
    <ClCompile Include="NSLogger.cpp">
      <Filter>Source Files</Filter>
    </ClCompile>
    <ClCompile Include="NSReportLogger.cpp">
      <Filter>Source Files</Filter>
    </ClCompile>
    <ClCompile Include="NSReportWriter.cpp">
      <Filter>Source Files</Filter>
    </ClCompile>
    <ClCompile Include="NSTextLogger.cpp">
      <Filter>Source Files</Filter>
    </ClCompile>
    <ClCompile Include="NSValidator.cpp">
      <Filter>Source Files</Filter>
    </ClCompile>
    <ClCompile Include="stdafx.cpp">
      <Filter>Source Files</Filter>
    </ClCompile>
    <ClCompile Include="Utils.cpp">
      <Filter>Source Files</Filter>
    </ClCompile>
  </ItemGroup>
  <ItemGroup>
    <ClInclude Include="NSDatabaseMgr.h">
      <Filter>Header Files</Filter>
    </ClInclude>
    <ClInclude Include="NSHTMLLogger.h">
      <Filter>Header Files</Filter>
    </ClInclude>
    <ClInclude Include="NSLogCollection.h">
      <Filter>Header Files</Filter>
    </ClInclude>
    <ClInclude Include="NSLogger.h">
      <Filter>Header Files</Filter>
    </ClInclude>
    <ClInclude Include="NSReportLogger.h">
      <Filter>Header Files</Filter>
    </ClInclude>
    <ClInclude Include="NSTextLogger.h">
      <Filter>Header Files</Filter>
    </ClInclude>
    <ClInclude Include="stdafx.h">
      <Filter>Header Files</Filter>
    </ClInclude>
    <ClInclude Include="Utils.h">
      <Filter>Header Files</Filter>
    </ClInclude>
  </ItemGroup>
  <ItemGroup>
    <None Include="ReadMe.txt" />
  </ItemGroup>
</Project>