<?xml version="1.0" encoding="utf-8"?>
<Project ToolsVersion="4.0" xmlns="http://schemas.microsoft.com/developer/msbuild/2003">
  <ItemGroup>
    <Filter Include="Source Files">
      <UniqueIdentifier>{e8891d2f-91f1-4ccc-8e6b-16f10d46fb9f}</UniqueIdentifier>
      <Extensions>cpp;c;cc;cxx;def;idl;odl</Extensions>
    </Filter>
    <Filter Include="Include Files">
      <UniqueIdentifier>{ee721b74-fafa-485a-a520-7f64bfa6a1f4}</UniqueIdentifier>
      <Extensions>h;hh;hxx</Extensions>
    </Filter>
    <Filter Include="Resource Files">
      <UniqueIdentifier>{95da7a05-b6b2-4220-973f-b156e4fc4965}</UniqueIdentifier>
      <Extensions>rc;ico;bmp;cur;jpg;gif</Extensions>
    </Filter>
    <Filter Include="Miscellaneous Files">
      <UniqueIdentifier>{aaaf44b1-110b-45cf-9770-d4297f4ae065}</UniqueIdentifier>
      <Extensions>reg;rgs;mak;clw;vsdir;vsz;css;inf;vcproj;csproj</Extensions>
    </Filter>
  </ItemGroup>
  <ItemGroup>
    <ClCompile Include="AcadValidation.cpp">
      <Filter>Source Files</Filter>
    </ClCompile>
    <ClCompile Include="acrxEntryPoint.cpp">
      <Filter>Source Files</Filter>
    </ClCompile>
    <ClCompile Include="DocData.cpp">
      <Filter>Source Files</Filter>
    </ClCompile>
    <ClCompile Include="NSEllipseDlg.cpp">
      <Filter>Source Files</Filter>
    </ClCompile>
    <ClCompile Include="NSHyperEdit.cpp">
      <Filter>Source Files</Filter>
    </ClCompile>
    <ClCompile Include="NSHyperEdit2.cpp">
      <Filter>Source Files</Filter>
    </ClCompile>
    <ClCompile Include="NSHyperEdit3.cpp">
      <Filter>Source Files</Filter>
    </ClCompile>
    <ClCompile Include="NSReportDialog.cpp">
      <Filter>Source Files</Filter>
    </ClCompile>
    <ClCompile Include="NSTabCtrlSSL.cpp">
      <Filter>Source Files</Filter>
    </ClCompile>
    <ClCompile Include="NSTabPageSSL.cpp">
      <Filter>Source Files</Filter>
    </ClCompile>
    <ClCompile Include="NSValidatorDlg.cpp">
      <Filter>Source Files</Filter>
    </ClCompile>
    <ClCompile Include="StdAfx.cpp">
      <Filter>Source Files</Filter>
    </ClCompile>
  </ItemGroup>
  <ItemGroup>
    <ClInclude Include="DocData.h">
      <Filter>Include Files</Filter>
    </ClInclude>
    <ClInclude Include="NSEllipseDlg.h">
      <Filter>Include Files</Filter>
    </ClInclude>
    <ClInclude Include="NSHyperEdit.h">
      <Filter>Include Files</Filter>
    </ClInclude>
    <ClInclude Include="NSReportDialog.h">
      <Filter>Include Files</Filter>
    </ClInclude>
    <ClInclude Include="NSTabCtrlSSL.h">
      <Filter>Include Files</Filter>
    </ClInclude>
    <ClInclude Include="NSTabPageSSL.h">
      <Filter>Include Files</Filter>
    </ClInclude>
    <ClInclude Include="NSValidatorDlg.h">
      <Filter>Include Files</Filter>
    </ClInclude>
    <ClInclude Include="Resource.h">
      <Filter>Include Files</Filter>
    </ClInclude>
    <ClInclude Include="StdAfx.h">
      <Filter>Include Files</Filter>
    </ClInclude>
  </ItemGroup>
  <ItemGroup>
    <ResourceCompile Include="AcadValidation.rc">
      <Filter>Resource Files</Filter>
    </ResourceCompile>
  </ItemGroup>
  <ItemGroup>
    <None Include="..\..\GISCADLoader\GISCADLoader\res\IE_LOGO.ico">
      <Filter>Resource Files</Filter>
    </None>
  </ItemGroup>
</Project>