<?xml version="1.0" encoding="utf-8"?>
<Project ToolsVersion="4.0" xmlns="http://schemas.microsoft.com/developer/msbuild/2003">
  <ItemGroup>
    <Filter Include="Source Files">
      <UniqueIdentifier>{4FC737F1-C7A5-4376-A066-2A32D752A2FF}</UniqueIdentifier>
      <Extensions>cpp;c;cc;cxx;def;odl;idl;hpj;bat;asm;asmx</Extensions>
    </Filter>
    <Filter Include="Header Files">
      <UniqueIdentifier>{93995380-89BD-4b04-88EB-625FBE52EBFB}</UniqueIdentifier>
      <Extensions>h;hpp;hxx;hm;inl;inc;xsd</Extensions>
    </Filter>
    <Filter Include="Resource Files">
      <UniqueIdentifier>{67DA6AB6-F800-4c08-8B7A-83BB121AAD01}</UniqueIdentifier>
      <Extensions>rc;ico;cur;bmp;dlg;rc2;rct;bin;rgs;gif;jpg;jpeg;jpe;resx;tiff;tif;png;wav</Extensions>
    </Filter>
  </ItemGroup>
  <ItemGroup>
    <ClCompile Include="GISCADConverter.cpp">
      <Filter>Source Files</Filter>
    </ClCompile>
    <ClCompile Include="NSAttribute.cpp">
      <Filter>Source Files</Filter>
    </ClCompile>
    <ClCompile Include="NSAttributesContainer.cpp">
      <Filter>Source Files</Filter>
    </ClCompile>
    <ClCompile Include="NSCadData.cpp">
      <Filter>Source Files</Filter>
    </ClCompile>
    <ClCompile Include="NSComponent.cpp">
      <Filter>Source Files</Filter>
    </ClCompile>
    <ClCompile Include="NSComponentContainer.cpp">
      <Filter>Source Files</Filter>
    </ClCompile>
    <ClCompile Include="NSCompositeCurve.cpp">
      <Filter>Source Files</Filter>
    </ClCompile>
    <ClCompile Include="NSCompositeSurface.cpp">
      <Filter>Source Files</Filter>
    </ClCompile>
    <ClCompile Include="NSConnectivity.cpp">
      <Filter>Source Files</Filter>
    </ClCompile>
    <ClCompile Include="NSConverterUtils.cpp">
      <Filter>Source Files</Filter>
    </ClCompile>
    <ClCompile Include="NSCurveMember.cpp">
      <Filter>Source Files</Filter>
    </ClCompile>
    <ClCompile Include="NSExportCAD.cpp">
      <Filter>Source Files</Filter>
    </ClCompile>
    <ClCompile Include="NSExportedFeatureContainer.cpp">
      <Filter>Source Files</Filter>
    </ClCompile>
    <ClCompile Include="NSExportHeader.cpp">
      <Filter>Source Files</Filter>
    </ClCompile>
    <ClCompile Include="NSFeature.cpp">
      <Filter>Source Files</Filter>
    </ClCompile>
    <ClCompile Include="NSGeometry.cpp">
      <Filter>Source Files</Filter>
    </ClCompile>
    <ClCompile Include="NSHeader.cpp">
      <Filter>Source Files</Filter>
    </ClCompile>
    <ClCompile Include="NSImportCAD.cpp">
      <Filter>Source Files</Filter>
    </ClCompile>
    <ClCompile Include="NSImportedFeatureContainer.cpp">
      <Filter>Source Files</Filter>
    </ClCompile>
    <ClCompile Include="NSImportHeader.cpp">
      <Filter>Source Files</Filter>
    </ClCompile>
    <ClCompile Include="NSLineString.cpp">
      <Filter>Source Files</Filter>
    </ClCompile>
    <ClCompile Include="NSManyOwnership.cpp">
      <Filter>Source Files</Filter>
    </ClCompile>
    <ClCompile Include="NSOwnership.cpp">
      <Filter>Source Files</Filter>
    </ClCompile>
    <ClCompile Include="NSPair.cpp">
      <Filter>Source Files</Filter>
    </ClCompile>
    <ClCompile Include="NSPoint.cpp">
      <Filter>Source Files</Filter>
    </ClCompile>
    <ClCompile Include="NSPolygon.cpp">
      <Filter>Source Files</Filter>
    </ClCompile>
    <ClCompile Include="NSRelationShip.cpp">
      <Filter>Source Files</Filter>
    </ClCompile>
    <ClCompile Include="NSTElement .cpp">
      <Filter>Source Files</Filter>
    </ClCompile>
    <ClCompile Include="NSXMLParser.cpp">
      <Filter>Source Files</Filter>
    </ClCompile>
    <ClCompile Include="stdafx.cpp">
      <Filter>Source Files</Filter>
    </ClCompile>
  </ItemGroup>
  <ItemGroup>
    <ClInclude Include="NSAttribute.h">
      <Filter>Header Files</Filter>
    </ClInclude>
    <ClInclude Include="NSAttributesContainer.h">
      <Filter>Header Files</Filter>
    </ClInclude>
    <ClInclude Include="NSCadData.h">
      <Filter>Header Files</Filter>
    </ClInclude>
    <ClInclude Include="NSComponent.h">
      <Filter>Header Files</Filter>
    </ClInclude>
    <ClInclude Include="NSComponentContainer.h">
      <Filter>Header Files</Filter>
    </ClInclude>
    <ClInclude Include="NSCompositeCurve.h">
      <Filter>Header Files</Filter>
    </ClInclude>
    <ClInclude Include="NSCompositeSurface.h">
      <Filter>Header Files</Filter>
    </ClInclude>
    <ClInclude Include="NSConnectivity.h">
      <Filter>Header Files</Filter>
    </ClInclude>
    <ClInclude Include="NSConverterUtils.h">
      <Filter>Header Files</Filter>
    </ClInclude>
    <ClInclude Include="NSCurveMember.h">
      <Filter>Header Files</Filter>
    </ClInclude>
    <ClInclude Include="NSExportCAD.h">
      <Filter>Header Files</Filter>
    </ClInclude>
    <ClInclude Include="NSExportedFeatureContainer.h">
      <Filter>Header Files</Filter>
    </ClInclude>
    <ClInclude Include="NSExportHeader.h">
      <Filter>Header Files</Filter>
    </ClInclude>
    <ClInclude Include="NSFeature.h">
      <Filter>Header Files</Filter>
    </ClInclude>
    <ClInclude Include="NSGeometry.h">
      <Filter>Header Files</Filter>
    </ClInclude>
    <ClInclude Include="NSHeader.h">
      <Filter>Header Files</Filter>
    </ClInclude>
    <ClInclude Include="NSImportCAD.h">
      <Filter>Header Files</Filter>
    </ClInclude>
    <ClInclude Include="NSImportedFeatureContainer.h">
      <Filter>Header Files</Filter>
    </ClInclude>
    <ClInclude Include="NSImportHeader.h">
      <Filter>Header Files</Filter>
    </ClInclude>
    <ClInclude Include="NSLineString.h">
      <Filter>Header Files</Filter>
    </ClInclude>
    <ClInclude Include="NSManyOwnership.h">
      <Filter>Header Files</Filter>
    </ClInclude>
    <ClInclude Include="NSOwnership.h">
      <Filter>Header Files</Filter>
    </ClInclude>
    <ClInclude Include="NSPair.h">
      <Filter>Header Files</Filter>
    </ClInclude>
    <ClInclude Include="NSPoint.h">
      <Filter>Header Files</Filter>
    </ClInclude>
    <ClInclude Include="NSPolygon.h">
      <Filter>Header Files</Filter>
    </ClInclude>
    <ClInclude Include="NSRelationShip.h">
      <Filter>Header Files</Filter>
    </ClInclude>
    <ClInclude Include="NSTElement.h">
      <Filter>Header Files</Filter>
    </ClInclude>
    <ClInclude Include="NSXMLParser.h">
      <Filter>Header Files</Filter>
    </ClInclude>
    <ClInclude Include="stdafx.h">
      <Filter>Header Files</Filter>
    </ClInclude>
  </ItemGroup>
  <ItemGroup>
    <None Include="ReadMe.txt" />
  </ItemGroup>
</Project>